// !$*UTF8*$!
{
	archiveVersion = 1;
	classes = {
	};
	objectVersion = 50;
	objects = {

/* Begin PBXBuildFile section */
		369E781C0AFAD0CB9EA04486 /* Pods_Tracker.framework in Frameworks */ = {isa = PBXBuildFile; fileRef = 70DA9B8F398B2FD022B5A237 /* Pods_Tracker.framework */; };
		38DA092187F05F39FE044C85 /* Pods_TrackerTests.framework in Frameworks */ = {isa = PBXBuildFile; fileRef = 1C1D1F2D11E2B8119CFBA1C4 /* Pods_TrackerTests.framework */; };
		635668E921A5EA9900F7CD42 /* CustomColor.swift in Sources */ = {isa = PBXBuildFile; fileRef = 635668E721A5EA9900F7CD42 /* CustomColor.swift */; };
		635668EA21A5EA9900F7CD42 /* UIColorExtension.swift in Sources */ = {isa = PBXBuildFile; fileRef = 635668E821A5EA9900F7CD42 /* UIColorExtension.swift */; };
		6392BE8521A5F61A00171302 /* SwiftyTimer.swift in Sources */ = {isa = PBXBuildFile; fileRef = 6392BE8421A5F61A00171302 /* SwiftyTimer.swift */; };
		6392BE8921A5F97A00171302 /* DatabaseOperation.swift in Sources */ = {isa = PBXBuildFile; fileRef = 6392BE8721A5F97900171302 /* DatabaseOperation.swift */; };
		6392BE8A21A5F97A00171302 /* DBInfo.swift in Sources */ = {isa = PBXBuildFile; fileRef = 6392BE8821A5F97900171302 /* DBInfo.swift */; };
		6392BE8E21A6008900171302 /* Constant.swift in Sources */ = {isa = PBXBuildFile; fileRef = 6392BE8C21A6008900171302 /* Constant.swift */; };
		6392BE8F21A6008900171302 /* MySharedPreference.swift in Sources */ = {isa = PBXBuildFile; fileRef = 6392BE8D21A6008900171302 /* MySharedPreference.swift */; };
		6392BE9121A60CA200171302 /* libsqlite3.0.tbd in Frameworks */ = {isa = PBXBuildFile; fileRef = 6392BE9021A60CA200171302 /* libsqlite3.0.tbd */; };
		6392BE9321A60CD000171302 /* libsqlite3.tbd in Frameworks */ = {isa = PBXBuildFile; fileRef = 6392BE9221A60CD000171302 /* libsqlite3.tbd */; };
		63AD88E921A7EA3200A31F0D /* ChecklistVC.swift in Sources */ = {isa = PBXBuildFile; fileRef = 63AD88DA21A7EA3200A31F0D /* ChecklistVC.swift */; };
		63AD88EA21A7EA3200A31F0D /* TaskCell.swift in Sources */ = {isa = PBXBuildFile; fileRef = 63AD88DB21A7EA3200A31F0D /* TaskCell.swift */; };
		63AD88EB21A7EA3200A31F0D /* ChecklistVC.xib in Resources */ = {isa = PBXBuildFile; fileRef = 63AD88DC21A7EA3200A31F0D /* ChecklistVC.xib */; };
		63AD88EC21A7EA3200A31F0D /* TaskCell.xib in Resources */ = {isa = PBXBuildFile; fileRef = 63AD88DD21A7EA3200A31F0D /* TaskCell.xib */; };
		63AD88ED21A7EA3200A31F0D /* AddActivityVC.swift in Sources */ = {isa = PBXBuildFile; fileRef = 63AD88DF21A7EA3200A31F0D /* AddActivityVC.swift */; };
		63AD88EE21A7EA3200A31F0D /* AddActivityVC.xib in Resources */ = {isa = PBXBuildFile; fileRef = 63AD88E021A7EA3200A31F0D /* AddActivityVC.xib */; };
		63AD88EF21A7EA3200A31F0D /* ActivityCell.xib in Resources */ = {isa = PBXBuildFile; fileRef = 63AD88E221A7EA3200A31F0D /* ActivityCell.xib */; };
		63AD88F021A7EA3200A31F0D /* ActivityCell.swift in Sources */ = {isa = PBXBuildFile; fileRef = 63AD88E321A7EA3200A31F0D /* ActivityCell.swift */; };
		63AD88F121A7EA3200A31F0D /* MainViewController.xib in Resources */ = {isa = PBXBuildFile; fileRef = 63AD88E421A7EA3200A31F0D /* MainViewController.xib */; };
		63AD88F221A7EA3200A31F0D /* MainViewController.swift in Sources */ = {isa = PBXBuildFile; fileRef = 63AD88E521A7EA3200A31F0D /* MainViewController.swift */; };
		63AD88F321A7EA3200A31F0D /* AddTaskVC.swift in Sources */ = {isa = PBXBuildFile; fileRef = 63AD88E721A7EA3200A31F0D /* AddTaskVC.swift */; };
		63AD88F421A7EA3200A31F0D /* AddTaskVC.xib in Resources */ = {isa = PBXBuildFile; fileRef = 63AD88E821A7EA3200A31F0D /* AddTaskVC.xib */; };
		63AD88F721A7EA4D00A31F0D /* Extension.swift in Sources */ = {isa = PBXBuildFile; fileRef = 63AD88F521A7EA4D00A31F0D /* Extension.swift */; };
		63AD88F821A7EA4D00A31F0D /* Icon.swift in Sources */ = {isa = PBXBuildFile; fileRef = 63AD88F621A7EA4D00A31F0D /* Icon.swift */; };
		8289D96B21A589AF00DA33BD /* CardView.swift in Sources */ = {isa = PBXBuildFile; fileRef = 8289D96A21A589AF00DA33BD /* CardView.swift */; };
		82A3648E21A56D3E00788B37 /* AppDelegate.swift in Sources */ = {isa = PBXBuildFile; fileRef = 82A3648D21A56D3E00788B37 /* AppDelegate.swift */; };
		82A3649521A56D4A00788B37 /* Assets.xcassets in Resources */ = {isa = PBXBuildFile; fileRef = 82A3649421A56D4A00788B37 /* Assets.xcassets */; };
		82A3649821A56D4A00788B37 /* LaunchScreen.storyboard in Resources */ = {isa = PBXBuildFile; fileRef = 82A3649621A56D4A00788B37 /* LaunchScreen.storyboard */; };
		82A364A321A56D4A00788B37 /* TrackerTests.swift in Sources */ = {isa = PBXBuildFile; fileRef = 82A364A221A56D4A00788B37 /* TrackerTests.swift */; };
		82A364AE21A56D4A00788B37 /* TrackerUITests.swift in Sources */ = {isa = PBXBuildFile; fileRef = 82A364AD21A56D4A00788B37 /* TrackerUITests.swift */; };
		E65E73E3BD3CA7A5BC657FBE /* Pods_TrackerUITests.framework in Frameworks */ = {isa = PBXBuildFile; fileRef = E134A339872E03F6A63D2B0A /* Pods_TrackerUITests.framework */; };
/* End PBXBuildFile section */

/* Begin PBXContainerItemProxy section */
		82A3649F21A56D4A00788B37 /* PBXContainerItemProxy */ = {
			isa = PBXContainerItemProxy;
			containerPortal = 82A3648221A56D3E00788B37 /* Project object */;
			proxyType = 1;
			remoteGlobalIDString = 82A3648921A56D3E00788B37;
			remoteInfo = Tracker;
		};
		82A364AA21A56D4A00788B37 /* PBXContainerItemProxy */ = {
			isa = PBXContainerItemProxy;
			containerPortal = 82A3648221A56D3E00788B37 /* Project object */;
			proxyType = 1;
			remoteGlobalIDString = 82A3648921A56D3E00788B37;
			remoteInfo = Tracker;
		};
/* End PBXContainerItemProxy section */

/* Begin PBXFileReference section */
		0EACFE1C166E8A17ADDD817A /* Pods-TrackerUITests.release.xcconfig */ = {isa = PBXFileReference; includeInIndex = 1; lastKnownFileType = text.xcconfig; name = "Pods-TrackerUITests.release.xcconfig"; path = "Target Support Files/Pods-TrackerUITests/Pods-TrackerUITests.release.xcconfig"; sourceTree = "<group>"; };
		1C1D1F2D11E2B8119CFBA1C4 /* Pods_TrackerTests.framework */ = {isa = PBXFileReference; explicitFileType = wrapper.framework; includeInIndex = 0; path = Pods_TrackerTests.framework; sourceTree = BUILT_PRODUCTS_DIR; };
		39CBCF323AA3952C142D7473 /* Pods-Tracker.release.xcconfig */ = {isa = PBXFileReference; includeInIndex = 1; lastKnownFileType = text.xcconfig; name = "Pods-Tracker.release.xcconfig"; path = "Target Support Files/Pods-Tracker/Pods-Tracker.release.xcconfig"; sourceTree = "<group>"; };
		3ECCC984C472B2449F6ACD7B /* Pods-TrackerTests.release.xcconfig */ = {isa = PBXFileReference; includeInIndex = 1; lastKnownFileType = text.xcconfig; name = "Pods-TrackerTests.release.xcconfig"; path = "Target Support Files/Pods-TrackerTests/Pods-TrackerTests.release.xcconfig"; sourceTree = "<group>"; };
		635668E721A5EA9900F7CD42 /* CustomColor.swift */ = {isa = PBXFileReference; fileEncoding = 4; lastKnownFileType = sourcecode.swift; path = CustomColor.swift; sourceTree = "<group>"; };
		635668E821A5EA9900F7CD42 /* UIColorExtension.swift */ = {isa = PBXFileReference; fileEncoding = 4; lastKnownFileType = sourcecode.swift; path = UIColorExtension.swift; sourceTree = "<group>"; };
		6392BE8421A5F61A00171302 /* SwiftyTimer.swift */ = {isa = PBXFileReference; fileEncoding = 4; lastKnownFileType = sourcecode.swift; path = SwiftyTimer.swift; sourceTree = "<group>"; };
		6392BE8721A5F97900171302 /* DatabaseOperation.swift */ = {isa = PBXFileReference; fileEncoding = 4; lastKnownFileType = sourcecode.swift; path = DatabaseOperation.swift; sourceTree = "<group>"; };
		6392BE8821A5F97900171302 /* DBInfo.swift */ = {isa = PBXFileReference; fileEncoding = 4; lastKnownFileType = sourcecode.swift; path = DBInfo.swift; sourceTree = "<group>"; };
		6392BE8C21A6008900171302 /* Constant.swift */ = {isa = PBXFileReference; fileEncoding = 4; lastKnownFileType = sourcecode.swift; path = Constant.swift; sourceTree = "<group>"; };
		6392BE8D21A6008900171302 /* MySharedPreference.swift */ = {isa = PBXFileReference; fileEncoding = 4; lastKnownFileType = sourcecode.swift; path = MySharedPreference.swift; sourceTree = "<group>"; };
		6392BE9021A60CA200171302 /* libsqlite3.0.tbd */ = {isa = PBXFileReference; lastKnownFileType = "sourcecode.text-based-dylib-definition"; name = libsqlite3.0.tbd; path = usr/lib/libsqlite3.0.tbd; sourceTree = SDKROOT; };
		6392BE9221A60CD000171302 /* libsqlite3.tbd */ = {isa = PBXFileReference; lastKnownFileType = "sourcecode.text-based-dylib-definition"; name = libsqlite3.tbd; path = usr/lib/libsqlite3.tbd; sourceTree = SDKROOT; };
		63AD88DA21A7EA3200A31F0D /* ChecklistVC.swift */ = {isa = PBXFileReference; fileEncoding = 4; lastKnownFileType = sourcecode.swift; path = ChecklistVC.swift; sourceTree = "<group>"; };
		63AD88DB21A7EA3200A31F0D /* TaskCell.swift */ = {isa = PBXFileReference; fileEncoding = 4; lastKnownFileType = sourcecode.swift; path = TaskCell.swift; sourceTree = "<group>"; };
		63AD88DC21A7EA3200A31F0D /* ChecklistVC.xib */ = {isa = PBXFileReference; fileEncoding = 4; lastKnownFileType = file.xib; path = ChecklistVC.xib; sourceTree = "<group>"; };
		63AD88DD21A7EA3200A31F0D /* TaskCell.xib */ = {isa = PBXFileReference; fileEncoding = 4; lastKnownFileType = file.xib; path = TaskCell.xib; sourceTree = "<group>"; };
		63AD88DF21A7EA3200A31F0D /* AddActivityVC.swift */ = {isa = PBXFileReference; fileEncoding = 4; lastKnownFileType = sourcecode.swift; path = AddActivityVC.swift; sourceTree = "<group>"; };
		63AD88E021A7EA3200A31F0D /* AddActivityVC.xib */ = {isa = PBXFileReference; fileEncoding = 4; lastKnownFileType = file.xib; path = AddActivityVC.xib; sourceTree = "<group>"; };
		63AD88E221A7EA3200A31F0D /* ActivityCell.xib */ = {isa = PBXFileReference; fileEncoding = 4; lastKnownFileType = file.xib; path = ActivityCell.xib; sourceTree = "<group>"; };
		63AD88E321A7EA3200A31F0D /* ActivityCell.swift */ = {isa = PBXFileReference; fileEncoding = 4; lastKnownFileType = sourcecode.swift; path = ActivityCell.swift; sourceTree = "<group>"; };
		63AD88E421A7EA3200A31F0D /* MainViewController.xib */ = {isa = PBXFileReference; fileEncoding = 4; lastKnownFileType = file.xib; path = MainViewController.xib; sourceTree = "<group>"; };
		63AD88E521A7EA3200A31F0D /* MainViewController.swift */ = {isa = PBXFileReference; fileEncoding = 4; lastKnownFileType = sourcecode.swift; path = MainViewController.swift; sourceTree = "<group>"; };
		63AD88E721A7EA3200A31F0D /* AddTaskVC.swift */ = {isa = PBXFileReference; fileEncoding = 4; lastKnownFileType = sourcecode.swift; path = AddTaskVC.swift; sourceTree = "<group>"; };
		63AD88E821A7EA3200A31F0D /* AddTaskVC.xib */ = {isa = PBXFileReference; fileEncoding = 4; lastKnownFileType = file.xib; path = AddTaskVC.xib; sourceTree = "<group>"; };
		63AD88F521A7EA4D00A31F0D /* Extension.swift */ = {isa = PBXFileReference; fileEncoding = 4; lastKnownFileType = sourcecode.swift; path = Extension.swift; sourceTree = "<group>"; };
		63AD88F621A7EA4D00A31F0D /* Icon.swift */ = {isa = PBXFileReference; fileEncoding = 4; lastKnownFileType = sourcecode.swift; path = Icon.swift; sourceTree = "<group>"; };
		70DA9B8F398B2FD022B5A237 /* Pods_Tracker.framework */ = {isa = PBXFileReference; explicitFileType = wrapper.framework; includeInIndex = 0; path = Pods_Tracker.framework; sourceTree = BUILT_PRODUCTS_DIR; };
		79DD19F56B68ABEA42516699 /* Pods-Tracker.debug.xcconfig */ = {isa = PBXFileReference; includeInIndex = 1; lastKnownFileType = text.xcconfig; name = "Pods-Tracker.debug.xcconfig"; path = "Target Support Files/Pods-Tracker/Pods-Tracker.debug.xcconfig"; sourceTree = "<group>"; };
		8289D96A21A589AF00DA33BD /* CardView.swift */ = {isa = PBXFileReference; lastKnownFileType = sourcecode.swift; path = CardView.swift; sourceTree = "<group>"; };
		82A3648A21A56D3E00788B37 /* Tracker.app */ = {isa = PBXFileReference; explicitFileType = wrapper.application; includeInIndex = 0; path = Tracker.app; sourceTree = BUILT_PRODUCTS_DIR; };
		82A3648D21A56D3E00788B37 /* AppDelegate.swift */ = {isa = PBXFileReference; lastKnownFileType = sourcecode.swift; path = AppDelegate.swift; sourceTree = "<group>"; };
		82A3649421A56D4A00788B37 /* Assets.xcassets */ = {isa = PBXFileReference; lastKnownFileType = folder.assetcatalog; path = Assets.xcassets; sourceTree = "<group>"; };
		82A3649721A56D4A00788B37 /* Base */ = {isa = PBXFileReference; lastKnownFileType = file.storyboard; name = Base; path = Base.lproj/LaunchScreen.storyboard; sourceTree = "<group>"; };
		82A3649921A56D4A00788B37 /* Info.plist */ = {isa = PBXFileReference; lastKnownFileType = text.plist.xml; path = Info.plist; sourceTree = "<group>"; };
		82A3649E21A56D4A00788B37 /* TrackerTests.xctest */ = {isa = PBXFileReference; explicitFileType = wrapper.cfbundle; includeInIndex = 0; path = TrackerTests.xctest; sourceTree = BUILT_PRODUCTS_DIR; };
		82A364A221A56D4A00788B37 /* TrackerTests.swift */ = {isa = PBXFileReference; lastKnownFileType = sourcecode.swift; path = TrackerTests.swift; sourceTree = "<group>"; };
		82A364A421A56D4A00788B37 /* Info.plist */ = {isa = PBXFileReference; lastKnownFileType = text.plist.xml; path = Info.plist; sourceTree = "<group>"; };
		82A364A921A56D4A00788B37 /* TrackerUITests.xctest */ = {isa = PBXFileReference; explicitFileType = wrapper.cfbundle; includeInIndex = 0; path = TrackerUITests.xctest; sourceTree = BUILT_PRODUCTS_DIR; };
		82A364AD21A56D4A00788B37 /* TrackerUITests.swift */ = {isa = PBXFileReference; lastKnownFileType = sourcecode.swift; path = TrackerUITests.swift; sourceTree = "<group>"; };
		82A364AF21A56D4A00788B37 /* Info.plist */ = {isa = PBXFileReference; lastKnownFileType = text.plist.xml; path = Info.plist; sourceTree = "<group>"; };
		D67B56AC8E1D5DB5AB69381F /* Pods-TrackerUITests.debug.xcconfig */ = {isa = PBXFileReference; includeInIndex = 1; lastKnownFileType = text.xcconfig; name = "Pods-TrackerUITests.debug.xcconfig"; path = "Target Support Files/Pods-TrackerUITests/Pods-TrackerUITests.debug.xcconfig"; sourceTree = "<group>"; };
		E134A339872E03F6A63D2B0A /* Pods_TrackerUITests.framework */ = {isa = PBXFileReference; explicitFileType = wrapper.framework; includeInIndex = 0; path = Pods_TrackerUITests.framework; sourceTree = BUILT_PRODUCTS_DIR; };
		E85EC7B0CD7E8700F559A1FF /* Pods-TrackerTests.debug.xcconfig */ = {isa = PBXFileReference; includeInIndex = 1; lastKnownFileType = text.xcconfig; name = "Pods-TrackerTests.debug.xcconfig"; path = "Target Support Files/Pods-TrackerTests/Pods-TrackerTests.debug.xcconfig"; sourceTree = "<group>"; };
/* End PBXFileReference section */

/* Begin PBXFrameworksBuildPhase section */
		82A3648721A56D3E00788B37 /* Frameworks */ = {
			isa = PBXFrameworksBuildPhase;
			buildActionMask = 2147483647;
			files = (
				6392BE9321A60CD000171302 /* libsqlite3.tbd in Frameworks */,
				6392BE9121A60CA200171302 /* libsqlite3.0.tbd in Frameworks */,
				369E781C0AFAD0CB9EA04486 /* Pods_Tracker.framework in Frameworks */,
			);
			runOnlyForDeploymentPostprocessing = 0;
		};
		82A3649B21A56D4A00788B37 /* Frameworks */ = {
			isa = PBXFrameworksBuildPhase;
			buildActionMask = 2147483647;
			files = (
				38DA092187F05F39FE044C85 /* Pods_TrackerTests.framework in Frameworks */,
			);
			runOnlyForDeploymentPostprocessing = 0;
		};
		82A364A621A56D4A00788B37 /* Frameworks */ = {
			isa = PBXFrameworksBuildPhase;
			buildActionMask = 2147483647;
			files = (
				E65E73E3BD3CA7A5BC657FBE /* Pods_TrackerUITests.framework in Frameworks */,
			);
			runOnlyForDeploymentPostprocessing = 0;
		};
/* End PBXFrameworksBuildPhase section */

/* Begin PBXGroup section */
		0FE13135488E0E27B56ACCDA /* Frameworks */ = {
			isa = PBXGroup;
			children = (
				6392BE9221A60CD000171302 /* libsqlite3.tbd */,
				6392BE9021A60CA200171302 /* libsqlite3.0.tbd */,
				70DA9B8F398B2FD022B5A237 /* Pods_Tracker.framework */,
				1C1D1F2D11E2B8119CFBA1C4 /* Pods_TrackerTests.framework */,
				E134A339872E03F6A63D2B0A /* Pods_TrackerUITests.framework */,
			);
			name = Frameworks;
			sourceTree = "<group>";
		};
		38DD34FCAFDFAFD9BD4464DD /* Pods */ = {
			isa = PBXGroup;
			children = (
				79DD19F56B68ABEA42516699 /* Pods-Tracker.debug.xcconfig */,
				39CBCF323AA3952C142D7473 /* Pods-Tracker.release.xcconfig */,
				E85EC7B0CD7E8700F559A1FF /* Pods-TrackerTests.debug.xcconfig */,
				3ECCC984C472B2449F6ACD7B /* Pods-TrackerTests.release.xcconfig */,
				D67B56AC8E1D5DB5AB69381F /* Pods-TrackerUITests.debug.xcconfig */,
				0EACFE1C166E8A17ADDD817A /* Pods-TrackerUITests.release.xcconfig */,
			);
			path = Pods;
			sourceTree = "<group>";
		};
		635668E621A5D65100F7CD42 /* Resource */ = {
			isa = PBXGroup;
			children = (
				6392BE8B21A6007A00171302 /* Constant */,
				6392BE8421A5F61A00171302 /* SwiftyTimer.swift */,
				63AD88F521A7EA4D00A31F0D /* Extension.swift */,
				63AD88F621A7EA4D00A31F0D /* Icon.swift */,
				635668E721A5EA9900F7CD42 /* CustomColor.swift */,
				635668E821A5EA9900F7CD42 /* UIColorExtension.swift */,
			);
			path = Resource;
			sourceTree = "<group>";
		};
		6392BE8621A5F97900171302 /* Database */ = {
			isa = PBXGroup;
			children = (
				6392BE8721A5F97900171302 /* DatabaseOperation.swift */,
				6392BE8821A5F97900171302 /* DBInfo.swift */,
			);
			path = Database;
			sourceTree = "<group>";
		};
		6392BE8B21A6007A00171302 /* Constant */ = {
			isa = PBXGroup;
			children = (
				6392BE8C21A6008900171302 /* Constant.swift */,
				6392BE8D21A6008900171302 /* MySharedPreference.swift */,
			);
			path = Constant;
			sourceTree = "<group>";
		};
		63AD88D821A7EA3200A31F0D /* Activities */ = {
			isa = PBXGroup;
			children = (
				63AD88D921A7EA3200A31F0D /* Checklist */,
				63AD88DE21A7EA3200A31F0D /* AddActivity */,
				63AD88E121A7EA3200A31F0D /* Dashboard */,
				63AD88E621A7EA3200A31F0D /* AddTask */,
			);
			path = Activities;
			sourceTree = "<group>";
		};
		63AD88D921A7EA3200A31F0D /* Checklist */ = {
			isa = PBXGroup;
			children = (
				63AD88DA21A7EA3200A31F0D /* ChecklistVC.swift */,
				63AD88DB21A7EA3200A31F0D /* TaskCell.swift */,
				63AD88DC21A7EA3200A31F0D /* ChecklistVC.xib */,
				63AD88DD21A7EA3200A31F0D /* TaskCell.xib */,
			);
			path = Checklist;
			sourceTree = "<group>";
		};
		63AD88DE21A7EA3200A31F0D /* AddActivity */ = {
			isa = PBXGroup;
			children = (
				63AD88DF21A7EA3200A31F0D /* AddActivityVC.swift */,
				63AD88E021A7EA3200A31F0D /* AddActivityVC.xib */,
			);
			path = AddActivity;
			sourceTree = "<group>";
		};
		63AD88E121A7EA3200A31F0D /* Dashboard */ = {
			isa = PBXGroup;
			children = (
				63AD88E221A7EA3200A31F0D /* ActivityCell.xib */,
				63AD88E321A7EA3200A31F0D /* ActivityCell.swift */,
				63AD88E421A7EA3200A31F0D /* MainViewController.xib */,
				63AD88E521A7EA3200A31F0D /* MainViewController.swift */,
			);
			path = Dashboard;
			sourceTree = "<group>";
		};
		63AD88E621A7EA3200A31F0D /* AddTask */ = {
			isa = PBXGroup;
			children = (
				63AD88E721A7EA3200A31F0D /* AddTaskVC.swift */,
				63AD88E821A7EA3200A31F0D /* AddTaskVC.xib */,
			);
			path = AddTask;
			sourceTree = "<group>";
		};
		82A3648121A56D3E00788B37 = {
			isa = PBXGroup;
			children = (
				82A3648C21A56D3E00788B37 /* Tracker */,
				82A364A121A56D4A00788B37 /* TrackerTests */,
				82A364AC21A56D4A00788B37 /* TrackerUITests */,
				82A3648B21A56D3E00788B37 /* Products */,
				38DD34FCAFDFAFD9BD4464DD /* Pods */,
				0FE13135488E0E27B56ACCDA /* Frameworks */,
			);
			sourceTree = "<group>";
		};
		82A3648B21A56D3E00788B37 /* Products */ = {
			isa = PBXGroup;
			children = (
				82A3648A21A56D3E00788B37 /* Tracker.app */,
				82A3649E21A56D4A00788B37 /* TrackerTests.xctest */,
				82A364A921A56D4A00788B37 /* TrackerUITests.xctest */,
			);
			name = Products;
			sourceTree = "<group>";
		};
		82A3648C21A56D3E00788B37 /* Tracker */ = {
			isa = PBXGroup;
			children = (
				63AD88D821A7EA3200A31F0D /* Activities */,
				6392BE8621A5F97900171302 /* Database */,
				635668E621A5D65100F7CD42 /* Resource */,
				82A3648D21A56D3E00788B37 /* AppDelegate.swift */,
				82A3649421A56D4A00788B37 /* Assets.xcassets */,
				82A3649621A56D4A00788B37 /* LaunchScreen.storyboard */,
				82A3649921A56D4A00788B37 /* Info.plist */,
				8289D96A21A589AF00DA33BD /* CardView.swift */,
			);
			path = Tracker;
			sourceTree = "<group>";
		};
		82A364A121A56D4A00788B37 /* TrackerTests */ = {
			isa = PBXGroup;
			children = (
				82A364A221A56D4A00788B37 /* TrackerTests.swift */,
				82A364A421A56D4A00788B37 /* Info.plist */,
			);
			path = TrackerTests;
			sourceTree = "<group>";
		};
		82A364AC21A56D4A00788B37 /* TrackerUITests */ = {
			isa = PBXGroup;
			children = (
				82A364AD21A56D4A00788B37 /* TrackerUITests.swift */,
				82A364AF21A56D4A00788B37 /* Info.plist */,
			);
			path = TrackerUITests;
			sourceTree = "<group>";
		};
/* End PBXGroup section */

/* Begin PBXNativeTarget section */
		82A3648921A56D3E00788B37 /* Tracker */ = {
			isa = PBXNativeTarget;
			buildConfigurationList = 82A364B221A56D4A00788B37 /* Build configuration list for PBXNativeTarget "Tracker" */;
			buildPhases = (
				9F687035941AE254FA8CB4D0 /* [CP] Check Pods Manifest.lock */,
				82A3648621A56D3E00788B37 /* Sources */,
				82A3648721A56D3E00788B37 /* Frameworks */,
				82A3648821A56D3E00788B37 /* Resources */,
				DCCF032705469499BC44F2F7 /* [CP] Embed Pods Frameworks */,
			);
			buildRules = (
			);
			dependencies = (
			);
			name = Tracker;
			productName = Tracker;
			productReference = 82A3648A21A56D3E00788B37 /* Tracker.app */;
			productType = "com.apple.product-type.application";
		};
		82A3649D21A56D4A00788B37 /* TrackerTests */ = {
			isa = PBXNativeTarget;
			buildConfigurationList = 82A364B521A56D4A00788B37 /* Build configuration list for PBXNativeTarget "TrackerTests" */;
			buildPhases = (
				C2FBA731FA886CDF3B765963 /* [CP] Check Pods Manifest.lock */,
				82A3649A21A56D4A00788B37 /* Sources */,
				82A3649B21A56D4A00788B37 /* Frameworks */,
				82A3649C21A56D4A00788B37 /* Resources */,
			);
			buildRules = (
			);
			dependencies = (
				82A364A021A56D4A00788B37 /* PBXTargetDependency */,
			);
			name = TrackerTests;
			productName = TrackerTests;
			productReference = 82A3649E21A56D4A00788B37 /* TrackerTests.xctest */;
			productType = "com.apple.product-type.bundle.unit-test";
		};
		82A364A821A56D4A00788B37 /* TrackerUITests */ = {
			isa = PBXNativeTarget;
			buildConfigurationList = 82A364B821A56D4A00788B37 /* Build configuration list for PBXNativeTarget "TrackerUITests" */;
			buildPhases = (
				416C5D40C7EE251AFF5BEC61 /* [CP] Check Pods Manifest.lock */,
				82A364A521A56D4A00788B37 /* Sources */,
				82A364A621A56D4A00788B37 /* Frameworks */,
				82A364A721A56D4A00788B37 /* Resources */,
			);
			buildRules = (
			);
			dependencies = (
				82A364AB21A56D4A00788B37 /* PBXTargetDependency */,
			);
			name = TrackerUITests;
			productName = TrackerUITests;
			productReference = 82A364A921A56D4A00788B37 /* TrackerUITests.xctest */;
			productType = "com.apple.product-type.bundle.ui-testing";
		};
/* End PBXNativeTarget section */

/* Begin PBXProject section */
		82A3648221A56D3E00788B37 /* Project object */ = {
			isa = PBXProject;
			attributes = {
				LastSwiftUpdateCheck = 1010;
				LastUpgradeCheck = 1010;
				ORGANIZATIONNAME = World;
				TargetAttributes = {
					82A3648921A56D3E00788B37 = {
						CreatedOnToolsVersion = 10.1;
					};
					82A3649D21A56D4A00788B37 = {
						CreatedOnToolsVersion = 10.1;
						TestTargetID = 82A3648921A56D3E00788B37;
					};
					82A364A821A56D4A00788B37 = {
						CreatedOnToolsVersion = 10.1;
						TestTargetID = 82A3648921A56D3E00788B37;
					};
				};
			};
			buildConfigurationList = 82A3648521A56D3E00788B37 /* Build configuration list for PBXProject "Tracker" */;
			compatibilityVersion = "Xcode 9.3";
			developmentRegion = en;
			hasScannedForEncodings = 0;
			knownRegions = (
				en,
				Base,
			);
			mainGroup = 82A3648121A56D3E00788B37;
			productRefGroup = 82A3648B21A56D3E00788B37 /* Products */;
			projectDirPath = "";
			projectRoot = "";
			targets = (
				82A3648921A56D3E00788B37 /* Tracker */,
				82A3649D21A56D4A00788B37 /* TrackerTests */,
				82A364A821A56D4A00788B37 /* TrackerUITests */,
			);
		};
/* End PBXProject section */

/* Begin PBXResourcesBuildPhase section */
		82A3648821A56D3E00788B37 /* Resources */ = {
			isa = PBXResourcesBuildPhase;
			buildActionMask = 2147483647;
			files = (
				63AD88EE21A7EA3200A31F0D /* AddActivityVC.xib in Resources */,
				63AD88EC21A7EA3200A31F0D /* TaskCell.xib in Resources */,
				82A3649821A56D4A00788B37 /* LaunchScreen.storyboard in Resources */,
				63AD88F421A7EA3200A31F0D /* AddTaskVC.xib in Resources */,
				82A3649521A56D4A00788B37 /* Assets.xcassets in Resources */,
				63AD88EF21A7EA3200A31F0D /* ActivityCell.xib in Resources */,
				63AD88F121A7EA3200A31F0D /* MainViewController.xib in Resources */,
				63AD88EB21A7EA3200A31F0D /* ChecklistVC.xib in Resources */,
			);
			runOnlyForDeploymentPostprocessing = 0;
		};
		82A3649C21A56D4A00788B37 /* Resources */ = {
			isa = PBXResourcesBuildPhase;
			buildActionMask = 2147483647;
			files = (
			);
			runOnlyForDeploymentPostprocessing = 0;
		};
		82A364A721A56D4A00788B37 /* Resources */ = {
			isa = PBXResourcesBuildPhase;
			buildActionMask = 2147483647;
			files = (
			);
			runOnlyForDeploymentPostprocessing = 0;
		};
/* End PBXResourcesBuildPhase section */

/* Begin PBXShellScriptBuildPhase section */
		416C5D40C7EE251AFF5BEC61 /* [CP] Check Pods Manifest.lock */ = {
			isa = PBXShellScriptBuildPhase;
			buildActionMask = 2147483647;
			files = (
			);
			inputFileListPaths = (
			);
			inputPaths = (
				"${PODS_PODFILE_DIR_PATH}/Podfile.lock",
				"${PODS_ROOT}/Manifest.lock",
			);
			name = "[CP] Check Pods Manifest.lock";
			outputFileListPaths = (
			);
			outputPaths = (
				"$(DERIVED_FILE_DIR)/Pods-TrackerUITests-checkManifestLockResult.txt",
			);
			runOnlyForDeploymentPostprocessing = 0;
			shellPath = /bin/sh;
			shellScript = "diff \"${PODS_PODFILE_DIR_PATH}/Podfile.lock\" \"${PODS_ROOT}/Manifest.lock\" > /dev/null\nif [ $? != 0 ] ; then\n    # print error to STDERR\n    echo \"error: The sandbox is not in sync with the Podfile.lock. Run 'pod install' or update your CocoaPods installation.\" >&2\n    exit 1\nfi\n# This output is used by Xcode 'outputs' to avoid re-running this script phase.\necho \"SUCCESS\" > \"${SCRIPT_OUTPUT_FILE_0}\"\n";
			showEnvVarsInLog = 0;
		};
		9F687035941AE254FA8CB4D0 /* [CP] Check Pods Manifest.lock */ = {
			isa = PBXShellScriptBuildPhase;
			buildActionMask = 2147483647;
			files = (
			);
			inputFileListPaths = (
			);
			inputPaths = (
				"${PODS_PODFILE_DIR_PATH}/Podfile.lock",
				"${PODS_ROOT}/Manifest.lock",
			);
			name = "[CP] Check Pods Manifest.lock";
			outputFileListPaths = (
			);
			outputPaths = (
				"$(DERIVED_FILE_DIR)/Pods-Tracker-checkManifestLockResult.txt",
			);
			runOnlyForDeploymentPostprocessing = 0;
			shellPath = /bin/sh;
			shellScript = "diff \"${PODS_PODFILE_DIR_PATH}/Podfile.lock\" \"${PODS_ROOT}/Manifest.lock\" > /dev/null\nif [ $? != 0 ] ; then\n    # print error to STDERR\n    echo \"error: The sandbox is not in sync with the Podfile.lock. Run 'pod install' or update your CocoaPods installation.\" >&2\n    exit 1\nfi\n# This output is used by Xcode 'outputs' to avoid re-running this script phase.\necho \"SUCCESS\" > \"${SCRIPT_OUTPUT_FILE_0}\"\n";
			showEnvVarsInLog = 0;
		};
		C2FBA731FA886CDF3B765963 /* [CP] Check Pods Manifest.lock */ = {
			isa = PBXShellScriptBuildPhase;
			buildActionMask = 2147483647;
			files = (
			);
			inputFileListPaths = (
			);
			inputPaths = (
				"${PODS_PODFILE_DIR_PATH}/Podfile.lock",
				"${PODS_ROOT}/Manifest.lock",
			);
			name = "[CP] Check Pods Manifest.lock";
			outputFileListPaths = (
			);
			outputPaths = (
				"$(DERIVED_FILE_DIR)/Pods-TrackerTests-checkManifestLockResult.txt",
			);
			runOnlyForDeploymentPostprocessing = 0;
			shellPath = /bin/sh;
			shellScript = "diff \"${PODS_PODFILE_DIR_PATH}/Podfile.lock\" \"${PODS_ROOT}/Manifest.lock\" > /dev/null\nif [ $? != 0 ] ; then\n    # print error to STDERR\n    echo \"error: The sandbox is not in sync with the Podfile.lock. Run 'pod install' or update your CocoaPods installation.\" >&2\n    exit 1\nfi\n# This output is used by Xcode 'outputs' to avoid re-running this script phase.\necho \"SUCCESS\" > \"${SCRIPT_OUTPUT_FILE_0}\"\n";
			showEnvVarsInLog = 0;
		};
		DCCF032705469499BC44F2F7 /* [CP] Embed Pods Frameworks */ = {
			isa = PBXShellScriptBuildPhase;
			buildActionMask = 2147483647;
			files = (
			);
			inputFileListPaths = (
			);
			inputPaths = (
				"${PODS_ROOT}/Target Support Files/Pods-Tracker/Pods-Tracker-frameworks.sh",
				"${BUILT_PRODUCTS_DIR}/FMDB/FMDB.framework",
			);
			name = "[CP] Embed Pods Frameworks";
			outputFileListPaths = (
			);
			outputPaths = (
				"${TARGET_BUILD_DIR}/${FRAMEWORKS_FOLDER_PATH}/FMDB.framework",
			);
			runOnlyForDeploymentPostprocessing = 0;
			shellPath = /bin/sh;
			shellScript = "\"${PODS_ROOT}/Target Support Files/Pods-Tracker/Pods-Tracker-frameworks.sh\"\n";
			showEnvVarsInLog = 0;
		};
/* End PBXShellScriptBuildPhase section */

/* Begin PBXSourcesBuildPhase section */
		82A3648621A56D3E00788B37 /* Sources */ = {
			isa = PBXSourcesBuildPhase;
			buildActionMask = 2147483647;
			files = (
				6392BE8921A5F97A00171302 /* DatabaseOperation.swift in Sources */,
				63AD88F821A7EA4D00A31F0D /* Icon.swift in Sources */,
				82A3648E21A56D3E00788B37 /* AppDelegate.swift in Sources */,
				6392BE8F21A6008900171302 /* MySharedPreference.swift in Sources */,
				63AD88E921A7EA3200A31F0D /* ChecklistVC.swift in Sources */,
				8289D96B21A589AF00DA33BD /* CardView.swift in Sources */,
				6392BE8521A5F61A00171302 /* SwiftyTimer.swift in Sources */,
				635668E921A5EA9900F7CD42 /* CustomColor.swift in Sources */,
				63AD88F721A7EA4D00A31F0D /* Extension.swift in Sources */,
				63AD88F321A7EA3200A31F0D /* AddTaskVC.swift in Sources */,
				63AD88F221A7EA3200A31F0D /* MainViewController.swift in Sources */,
				63AD88F021A7EA3200A31F0D /* ActivityCell.swift in Sources */,
				63AD88EA21A7EA3200A31F0D /* TaskCell.swift in Sources */,
				6392BE8A21A5F97A00171302 /* DBInfo.swift in Sources */,
				63AD88ED21A7EA3200A31F0D /* AddActivityVC.swift in Sources */,
				6392BE8E21A6008900171302 /* Constant.swift in Sources */,
				635668EA21A5EA9900F7CD42 /* UIColorExtension.swift in Sources */,
			);
			runOnlyForDeploymentPostprocessing = 0;
		};
		82A3649A21A56D4A00788B37 /* Sources */ = {
			isa = PBXSourcesBuildPhase;
			buildActionMask = 2147483647;
			files = (
				82A364A321A56D4A00788B37 /* TrackerTests.swift in Sources */,
			);
			runOnlyForDeploymentPostprocessing = 0;
		};
		82A364A521A56D4A00788B37 /* Sources */ = {
			isa = PBXSourcesBuildPhase;
			buildActionMask = 2147483647;
			files = (
				82A364AE21A56D4A00788B37 /* TrackerUITests.swift in Sources */,
			);
			runOnlyForDeploymentPostprocessing = 0;
		};
/* End PBXSourcesBuildPhase section */

/* Begin PBXTargetDependency section */
		82A364A021A56D4A00788B37 /* PBXTargetDependency */ = {
			isa = PBXTargetDependency;
			target = 82A3648921A56D3E00788B37 /* Tracker */;
			targetProxy = 82A3649F21A56D4A00788B37 /* PBXContainerItemProxy */;
		};
		82A364AB21A56D4A00788B37 /* PBXTargetDependency */ = {
			isa = PBXTargetDependency;
			target = 82A3648921A56D3E00788B37 /* Tracker */;
			targetProxy = 82A364AA21A56D4A00788B37 /* PBXContainerItemProxy */;
		};
/* End PBXTargetDependency section */

/* Begin PBXVariantGroup section */
		82A3649621A56D4A00788B37 /* LaunchScreen.storyboard */ = {
			isa = PBXVariantGroup;
			children = (
				82A3649721A56D4A00788B37 /* Base */,
			);
			name = LaunchScreen.storyboard;
			sourceTree = "<group>";
		};
/* End PBXVariantGroup section */

/* Begin XCBuildConfiguration section */
		82A364B021A56D4A00788B37 /* Debug */ = {
			isa = XCBuildConfiguration;
			buildSettings = {
				ALWAYS_SEARCH_USER_PATHS = NO;
				CLANG_ANALYZER_NONNULL = YES;
				CLANG_ANALYZER_NUMBER_OBJECT_CONVERSION = YES_AGGRESSIVE;
				CLANG_CXX_LANGUAGE_STANDARD = "gnu++14";
				CLANG_CXX_LIBRARY = "libc++";
				CLANG_ENABLE_MODULES = YES;
				CLANG_ENABLE_OBJC_ARC = YES;
				CLANG_ENABLE_OBJC_WEAK = YES;
				CLANG_WARN_BLOCK_CAPTURE_AUTORELEASING = YES;
				CLANG_WARN_BOOL_CONVERSION = YES;
				CLANG_WARN_COMMA = YES;
				CLANG_WARN_CONSTANT_CONVERSION = YES;
				CLANG_WARN_DEPRECATED_OBJC_IMPLEMENTATIONS = YES;
				CLANG_WARN_DIRECT_OBJC_ISA_USAGE = YES_ERROR;
				CLANG_WARN_DOCUMENTATION_COMMENTS = YES;
				CLANG_WARN_EMPTY_BODY = YES;
				CLANG_WARN_ENUM_CONVERSION = YES;
				CLANG_WARN_INFINITE_RECURSION = YES;
				CLANG_WARN_INT_CONVERSION = YES;
				CLANG_WARN_NON_LITERAL_NULL_CONVERSION = YES;
				CLANG_WARN_OBJC_IMPLICIT_RETAIN_SELF = YES;
				CLANG_WARN_OBJC_LITERAL_CONVERSION = YES;
				CLANG_WARN_OBJC_ROOT_CLASS = YES_ERROR;
				CLANG_WARN_RANGE_LOOP_ANALYSIS = YES;
				CLANG_WARN_STRICT_PROTOTYPES = YES;
				CLANG_WARN_SUSPICIOUS_MOVE = YES;
				CLANG_WARN_UNGUARDED_AVAILABILITY = YES_AGGRESSIVE;
				CLANG_WARN_UNREACHABLE_CODE = YES;
				CLANG_WARN__DUPLICATE_METHOD_MATCH = YES;
				CODE_SIGN_IDENTITY = "iPhone Developer";
				COPY_PHASE_STRIP = NO;
				DEBUG_INFORMATION_FORMAT = dwarf;
				ENABLE_STRICT_OBJC_MSGSEND = YES;
				ENABLE_TESTABILITY = YES;
				GCC_C_LANGUAGE_STANDARD = gnu11;
				GCC_DYNAMIC_NO_PIC = NO;
				GCC_NO_COMMON_BLOCKS = YES;
				GCC_OPTIMIZATION_LEVEL = 0;
				GCC_PREPROCESSOR_DEFINITIONS = (
					"DEBUG=1",
					"$(inherited)",
				);
				GCC_WARN_64_TO_32_BIT_CONVERSION = YES;
				GCC_WARN_ABOUT_RETURN_TYPE = YES_ERROR;
				GCC_WARN_UNDECLARED_SELECTOR = YES;
				GCC_WARN_UNINITIALIZED_AUTOS = YES_AGGRESSIVE;
				GCC_WARN_UNUSED_FUNCTION = YES;
				GCC_WARN_UNUSED_VARIABLE = YES;
				IPHONEOS_DEPLOYMENT_TARGET = 12.1;
				MTL_ENABLE_DEBUG_INFO = INCLUDE_SOURCE;
				MTL_FAST_MATH = YES;
				ONLY_ACTIVE_ARCH = YES;
				SDKROOT = iphoneos;
				SWIFT_ACTIVE_COMPILATION_CONDITIONS = DEBUG;
				SWIFT_OPTIMIZATION_LEVEL = "-Onone";
			};
			name = Debug;
		};
		82A364B121A56D4A00788B37 /* Release */ = {
			isa = XCBuildConfiguration;
			buildSettings = {
				ALWAYS_SEARCH_USER_PATHS = NO;
				CLANG_ANALYZER_NONNULL = YES;
				CLANG_ANALYZER_NUMBER_OBJECT_CONVERSION = YES_AGGRESSIVE;
				CLANG_CXX_LANGUAGE_STANDARD = "gnu++14";
				CLANG_CXX_LIBRARY = "libc++";
				CLANG_ENABLE_MODULES = YES;
				CLANG_ENABLE_OBJC_ARC = YES;
				CLANG_ENABLE_OBJC_WEAK = YES;
				CLANG_WARN_BLOCK_CAPTURE_AUTORELEASING = YES;
				CLANG_WARN_BOOL_CONVERSION = YES;
				CLANG_WARN_COMMA = YES;
				CLANG_WARN_CONSTANT_CONVERSION = YES;
				CLANG_WARN_DEPRECATED_OBJC_IMPLEMENTATIONS = YES;
				CLANG_WARN_DIRECT_OBJC_ISA_USAGE = YES_ERROR;
				CLANG_WARN_DOCUMENTATION_COMMENTS = YES;
				CLANG_WARN_EMPTY_BODY = YES;
				CLANG_WARN_ENUM_CONVERSION = YES;
				CLANG_WARN_INFINITE_RECURSION = YES;
				CLANG_WARN_INT_CONVERSION = YES;
				CLANG_WARN_NON_LITERAL_NULL_CONVERSION = YES;
				CLANG_WARN_OBJC_IMPLICIT_RETAIN_SELF = YES;
				CLANG_WARN_OBJC_LITERAL_CONVERSION = YES;
				CLANG_WARN_OBJC_ROOT_CLASS = YES_ERROR;
				CLANG_WARN_RANGE_LOOP_ANALYSIS = YES;
				CLANG_WARN_STRICT_PROTOTYPES = YES;
				CLANG_WARN_SUSPICIOUS_MOVE = YES;
				CLANG_WARN_UNGUARDED_AVAILABILITY = YES_AGGRESSIVE;
				CLANG_WARN_UNREACHABLE_CODE = YES;
				CLANG_WARN__DUPLICATE_METHOD_MATCH = YES;
				CODE_SIGN_IDENTITY = "iPhone Developer";
				COPY_PHASE_STRIP = NO;
				DEBUG_INFORMATION_FORMAT = "dwarf-with-dsym";
				ENABLE_NS_ASSERTIONS = NO;
				ENABLE_STRICT_OBJC_MSGSEND = YES;
				GCC_C_LANGUAGE_STANDARD = gnu11;
				GCC_NO_COMMON_BLOCKS = YES;
				GCC_WARN_64_TO_32_BIT_CONVERSION = YES;
				GCC_WARN_ABOUT_RETURN_TYPE = YES_ERROR;
				GCC_WARN_UNDECLARED_SELECTOR = YES;
				GCC_WARN_UNINITIALIZED_AUTOS = YES_AGGRESSIVE;
				GCC_WARN_UNUSED_FUNCTION = YES;
				GCC_WARN_UNUSED_VARIABLE = YES;
				IPHONEOS_DEPLOYMENT_TARGET = 12.1;
				MTL_ENABLE_DEBUG_INFO = NO;
				MTL_FAST_MATH = YES;
				SDKROOT = iphoneos;
				SWIFT_COMPILATION_MODE = wholemodule;
				SWIFT_OPTIMIZATION_LEVEL = "-O";
				VALIDATE_PRODUCT = YES;
			};
			name = Release;
		};
		82A364B321A56D4A00788B37 /* Debug */ = {
			isa = XCBuildConfiguration;
			baseConfigurationReference = 79DD19F56B68ABEA42516699 /* Pods-Tracker.debug.xcconfig */;
			buildSettings = {
				ASSETCATALOG_COMPILER_APPICON_NAME = AppIcon;
				CODE_SIGN_STYLE = Automatic;
				INFOPLIST_FILE = Tracker/Info.plist;
				LD_RUNPATH_SEARCH_PATHS = (
					"$(inherited)",
					"@executable_path/Frameworks",
				);
				PRODUCT_BUNDLE_IDENTIFIER = com.Company.Tracker;
				PRODUCT_NAME = "$(TARGET_NAME)";
				SWIFT_VERSION = 4.2;
				TARGETED_DEVICE_FAMILY = "1,2";
			};
			name = Debug;
		};
		82A364B421A56D4A00788B37 /* Release */ = {
			isa = XCBuildConfiguration;
			baseConfigurationReference = 39CBCF323AA3952C142D7473 /* Pods-Tracker.release.xcconfig */;
			buildSettings = {
				ASSETCATALOG_COMPILER_APPICON_NAME = AppIcon;
				CODE_SIGN_STYLE = Automatic;
				INFOPLIST_FILE = Tracker/Info.plist;
				LD_RUNPATH_SEARCH_PATHS = (
					"$(inherited)",
					"@executable_path/Frameworks",
				);
				PRODUCT_BUNDLE_IDENTIFIER = com.Company.Tracker;
				PRODUCT_NAME = "$(TARGET_NAME)";
				SWIFT_VERSION = 4.2;
				TARGETED_DEVICE_FAMILY = "1,2";
			};
			name = Release;
		};
		82A364B621A56D4A00788B37 /* Debug */ = {
			isa = XCBuildConfiguration;
			baseConfigurationReference = E85EC7B0CD7E8700F559A1FF /* Pods-TrackerTests.debug.xcconfig */;
			buildSettings = {
				ALWAYS_EMBED_SWIFT_STANDARD_LIBRARIES = YES;
				BUNDLE_LOADER = "$(TEST_HOST)";
				CODE_SIGN_STYLE = Automatic;
				INFOPLIST_FILE = TrackerTests/Info.plist;
				LD_RUNPATH_SEARCH_PATHS = (
					"$(inherited)",
					"@executable_path/Frameworks",
					"@loader_path/Frameworks",
				);
				PRODUCT_BUNDLE_IDENTIFIER = com.Company.TrackerTests;
				PRODUCT_NAME = "$(TARGET_NAME)";
				SWIFT_VERSION = 4.2;
				TARGETED_DEVICE_FAMILY = "1,2";
				TEST_HOST = "$(BUILT_PRODUCTS_DIR)/Tracker.app/Tracker";
			};
			name = Debug;
		};
		82A364B721A56D4A00788B37 /* Release */ = {
			isa = XCBuildConfiguration;
			baseConfigurationReference = 3ECCC984C472B2449F6ACD7B /* Pods-TrackerTests.release.xcconfig */;
			buildSettings = {
				ALWAYS_EMBED_SWIFT_STANDARD_LIBRARIES = YES;
				BUNDLE_LOADER = "$(TEST_HOST)";
				CODE_SIGN_STYLE = Automatic;
				INFOPLIST_FILE = TrackerTests/Info.plist;
				LD_RUNPATH_SEARCH_PATHS = (
					"$(inherited)",
					"@executable_path/Frameworks",
					"@loader_path/Frameworks",
				);
				PRODUCT_BUNDLE_IDENTIFIER = com.Company.TrackerTests;
				PRODUCT_NAME = "$(TARGET_NAME)";
				SWIFT_VERSION = 4.2;
				TARGETED_DEVICE_FAMILY = "1,2";
				TEST_HOST = "$(BUILT_PRODUCTS_DIR)/Tracker.app/Tracker";
			};
			name = Release;
		};
		82A364B921A56D4A00788B37 /* Debug */ = {
			isa = XCBuildConfiguration;
			baseConfigurationReference = D67B56AC8E1D5DB5AB69381F /* Pods-TrackerUITests.debug.xcconfig */;
			buildSettings = {
				ALWAYS_EMBED_SWIFT_STANDARD_LIBRARIES = YES;
				CODE_SIGN_STYLE = Automatic;
				INFOPLIST_FILE = TrackerUITests/Info.plist;
				LD_RUNPATH_SEARCH_PATHS = (
					"$(inherited)",
					"@executable_path/Frameworks",
					"@loader_path/Frameworks",
				);
				PRODUCT_BUNDLE_IDENTIFIER = com.Company.TrackerUITests;
				PRODUCT_NAME = "$(TARGET_NAME)";
				SWIFT_VERSION = 4.2;
				TARGETED_DEVICE_FAMILY = "1,2";
				TEST_TARGET_NAME = Tracker;
			};
			name = Debug;
		};
		82A364BA21A56D4A00788B37 /* Release */ = {
			isa = XCBuildConfiguration;
			baseConfigurationReference = 0EACFE1C166E8A17ADDD817A /* Pods-TrackerUITests.release.xcconfig */;
			buildSettings = {
				ALWAYS_EMBED_SWIFT_STANDARD_LIBRARIES = YES;
				CODE_SIGN_STYLE = Automatic;
				INFOPLIST_FILE = TrackerUITests/Info.plist;
				LD_RUNPATH_SEARCH_PATHS = (
					"$(inherited)",
					"@executable_path/Frameworks",
					"@loader_path/Frameworks",
				);
				PRODUCT_BUNDLE_IDENTIFIER = com.Company.TrackerUITests;
				PRODUCT_NAME = "$(TARGET_NAME)";
				SWIFT_VERSION = 4.2;
				TARGETED_DEVICE_FAMILY = "1,2";
				TEST_TARGET_NAME = Tracker;
			};
			name = Release;
		};
/* End XCBuildConfiguration section */

/* Begin XCConfigurationList section */
		82A3648521A56D3E00788B37 /* Build configuration list for PBXProject "Tracker" */ = {
			isa = XCConfigurationList;
			buildConfigurations = (
				82A364B021A56D4A00788B37 /* Debug */,
				82A364B121A56D4A00788B37 /* Release */,
			);
			defaultConfigurationIsVisible = 0;
			defaultConfigurationName = Release;
		};
		82A364B221A56D4A00788B37 /* Build configuration list for PBXNativeTarget "Tracker" */ = {
			isa = XCConfigurationList;
			buildConfigurations = (
				82A364B321A56D4A00788B37 /* Debug */,
				82A364B421A56D4A00788B37 /* Release */,
			);
			defaultConfigurationIsVisible = 0;
			defaultConfigurationName = Release;
		};
		82A364B521A56D4A00788B37 /* Build configuration list for PBXNativeTarget "TrackerTests" */ = {
			isa = XCConfigurationList;
			buildConfigurations = (
				82A364B621A56D4A00788B37 /* Debug */,
				82A364B721A56D4A00788B37 /* Release */,
			);
			defaultConfigurationIsVisible = 0;
			defaultConfigurationName = Release;
		};
		82A364B821A56D4A00788B37 /* Build configuration list for PBXNativeTarget "TrackerUITests" */ = {
			isa = XCConfigurationList;
			buildConfigurations = (
				82A364B921A56D4A00788B37 /* Debug */,
				82A364BA21A56D4A00788B37 /* Release */,
			);
			defaultConfigurationIsVisible = 0;
			defaultConfigurationName = Release;
		};
/* End XCConfigurationList section */
	};
	rootObject = 82A3648221A56D3E00788B37 /* Project object */;
}
